
Microsoft Visual Studio Solution File, Format Version 12.00
Project("{FAE04EC0-301F-11D3-BF4B-00C04F79EFBC}") = "App03", "App03\App03.csproj", "{8D3FEF06-E98A-48B4-98D5-EBB9D4A2763F}"
EndProject
Project("{FAE04EC0-301F-11D3-BF4B-00C04F79EFBC}") = "TestProject2", "TestProject2\TestProject2.csproj", "{DE8C0F01-BECA-49D0-B2AE-4B031B9DB3CC}"
EndProject
Global
	GlobalSection(SolutionConfigurationPlatforms) = preSolution
		Debug|Any CPU = Debug|Any CPU
		Release|Any CPU = Release|Any CPU
	EndGlobalSection
	GlobalSection(ProjectConfigurationPlatforms) = postSolution
		{8D3FEF06-E98A-48B4-98D5-EBB9D4A2763F}.Debug|Any CPU.ActiveCfg = Debug|Any CPU
		{8D3FEF06-E98A-48B4-98D5-EBB9D4A2763F}.Debug|Any CPU.Build.0 = Debug|Any CPU
		{8D3FEF06-E98A-48B4-98D5-EBB9D4A2763F}.Release|Any CPU.ActiveCfg = Release|Any CPU
		{8D3FEF06-E98A-48B4-98D5-EBB9D4A2763F}.Release|Any CPU.Build.0 = Release|Any CPU
		{DE8C0F01-BECA-49D0-B2AE-4B031B9DB3CC}.Debug|Any CPU.ActiveCfg = Debug|Any CPU
		{DE8C0F01-BECA-49D0-B2AE-4B031B9DB3CC}.Debug|Any CPU.Build.0 = Debug|Any CPU
		{DE8C0F01-BECA-49D0-B2AE-4B031B9DB3CC}.Release|Any CPU.ActiveCfg = Release|Any CPU
		{DE8C0F01-BECA-49D0-B2AE-4B031B9DB3CC}.Release|Any CPU.Build.0 = Release|Any CPU
	EndGlobalSection
EndGlobal
